
Microsoft Visual Studio Solution File, Format Version 12.00
# Visual Studio 15
VisualStudioVersion = 15.0.27004.2010
MinimumVisualStudioVersion = 10.0.40219.1
Project("{FAE04EC0-301F-11D3-BF4B-00C04F79EFBC}") = "TrackerLibrary", "TrackerLibrary\TrackerLibrary.csproj", "{0DD5010D-030A-4A6D-9B68-A773B2C394E4}"
EndProject
Project("{FAE04EC0-301F-11D3-BF4B-00C04F79EFBC}") = "TrackerUI", "TrackerUI\TrackerUI.csproj", "{DC0323E5-A539-49C1-8C12-791148B57DDE}"
EndProject
Project("{FAE04EC0-301F-11D3-BF4B-00C04F79EFBC}") = "MVCUI", "MVCUI\MVCUI.csproj", "{189C9E1B-1438-46ED-8B36-0D21FF7BE2E8}"
EndProject
Global
	GlobalSection(SolutionConfigurationPlatforms) = preSolution
		Debug|Any CPU = Debug|Any CPU
		Release|Any CPU = Release|Any CPU
	EndGlobalSection
	GlobalSection(ProjectConfigurationPlatforms) = postSolution
		{0DD5010D-030A-4A6D-9B68-A773B2C394E4}.Debug|Any CPU.ActiveCfg = Debug|Any CPU
		{0DD5010D-030A-4A6D-9B68-A773B2C394E4}.Debug|Any CPU.Build.0 = Debug|Any CPU
		{0DD5010D-030A-4A6D-9B68-A773B2C394E4}.Release|Any CPU.ActiveCfg = Release|Any CPU
		{0DD5010D-030A-4A6D-9B68-A773B2C394E4}.Release|Any CPU.Build.0 = Release|Any CPU
		{DC0323E5-A539-49C1-8C12-791148B57DDE}.Debug|Any CPU.ActiveCfg = Debug|Any CPU
		{DC0323E5-A539-49C1-8C12-791148B57DDE}.Debug|Any CPU.Build.0 = Debug|Any CPU
		{DC0323E5-A539-49C1-8C12-791148B57DDE}.Release|Any CPU.ActiveCfg = Release|Any CPU
		{DC0323E5-A539-49C1-8C12-791148B57DDE}.Release|Any CPU.Build.0 = Release|Any CPU
		{189C9E1B-1438-46ED-8B36-0D21FF7BE2E8}.Debug|Any CPU.ActiveCfg = Debug|Any CPU
		{189C9E1B-1438-46ED-8B36-0D21FF7BE2E8}.Debug|Any CPU.Build.0 = Debug|Any CPU
		{189C9E1B-1438-46ED-8B36-0D21FF7BE2E8}.Release|Any CPU.ActiveCfg = Release|Any CPU
		{189C9E1B-1438-46ED-8B36-0D21FF7BE2E8}.Release|Any CPU.Build.0 = Release|Any CPU
	EndGlobalSection
	GlobalSection(SolutionProperties) = preSolution
		HideSolutionNode = FALSE
	EndGlobalSection
	GlobalSection(ExtensibilityGlobals) = postSolution
		SolutionGuid = {9F925444-2DC6-4169-92D5-3BDDF371243A}
	EndGlobalSection
EndGlobal
